
Microsoft Visual Studio Solution File, Format Version 12.00
# Visual Studio Version 16
VisualStudioVersion = 16.0.28803.452
MinimumVisualStudioVersion = 10.0.40219.1
Project("{8BC9CEB8-8B4A-11D0-8D11-00A0C91BC942}") = "CopyAsPathPro", "CopyAsPathPro\CopyAsPathPro.vcxproj", "{0143AF07-55FB-4984-B6F6-70E2C7DD3E62}"
EndProject
Project("{8BC9CEB8-8B4A-11D0-8D11-00A0C91BC942}") = "CppHelpers", "..\CppHelpers\CppHelpers\CppHelpers.vcxproj", "{AA5CD503-7447-4174-A71D-0FAD99E1E7D0}"
EndProject
Global
	GlobalSection(SolutionConfigurationPlatforms) = preSolution
		Debug|x64 = Debug|x64
		Release|x64 = Release|x64
	EndGlobalSection
	GlobalSection(ProjectConfigurationPlatforms) = postSolution
		{0143AF07-55FB-4984-B6F6-70E2C7DD3E62}.Debug|x64.ActiveCfg = Debug|x64
		{0143AF07-55FB-4984-B6F6-70E2C7DD3E62}.Debug|x64.Build.0 = Debug|x64
		{0143AF07-55FB-4984-B6F6-70E2C7DD3E62}.Release|x64.ActiveCfg = Release|x64
		{0143AF07-55FB-4984-B6F6-70E2C7DD3E62}.Release|x64.Build.0 = Release|x64
		{AA5CD503-7447-4174-A71D-0FAD99E1E7D0}.Debug|x64.ActiveCfg = Debug|x64
		{AA5CD503-7447-4174-A71D-0FAD99E1E7D0}.Debug|x64.Build.0 = Debug|x64
		{AA5CD503-7447-4174-A71D-0FAD99E1E7D0}.Release|x64.ActiveCfg = Release|x64
		{AA5CD503-7447-4174-A71D-0FAD99E1E7D0}.Release|x64.Build.0 = Release|x64
	EndGlobalSection
	GlobalSection(SolutionProperties) = preSolution
		HideSolutionNode = FALSE
	EndGlobalSection
	GlobalSection(ExtensibilityGlobals) = postSolution
		SolutionGuid = {2EBFADC4-7491-431E-88F2-561D0B4DDD2F}
	EndGlobalSection
EndGlobal
